github.com/Konstantin8105/tf v0.0.0-20231007135105-ef617777c299 h1:TbBVloxtHXRGYu7WSt767X1mCRoDHP62VWuOIGcvmY4=
github.com/Konstantin8105/tf v0.0.0-20231007135105-ef617777c299/go.mod h1:ttVpgkqnbjDxpK2ZSVo9MgQ125QXThKPKqO1UJ4I/t0=
github.com/Konstantin8105/tf v0.0.0-20240403165841-69b9ce80b774 h1:jehGYcdVMFdK1A4bmrJueAkq/Wq4HPZUMXyGij2m0Wo=
github.com/Konstantin8105/tf v0.0.0-20240403165841-69b9ce80b774/go.mod h1:ttVpgkqnbjDxpK2ZSVo9MgQ125QXThKPKqO1UJ4I/t0=
github.com/Konstantin8105/tf v0.0.0-20240403170626-5245216e7740 h1:B0bxOj8qk0pdiXqSaE3Bok2N6htbTywTHY+cKppqLh8=
github.com/Konstantin8105/tf v0.0.0-20240403170626-5245216e7740/go.mod h1:ttVpgkqnbjDxpK2ZSVo9MgQ125QXThKPKqO1UJ4I/t0=
